// !$*UTF8*$!
{
	archiveVersion = 1;
	classes = {
	};
	objectVersion = 56;
	objects = {

/* Begin PBXBuildFile section */
		3884729C2B811A1A00D61AEE /* SLAvatarKit.docc in Sources */ = {isa = PBXBuildFile; fileRef = 3884729B2B811A1A00D61AEE /* SLAvatarKit.docc */; };
		388472A22B811A1A00D61AEE /* SLAvatarKit.framework in Frameworks */ = {isa = PBXBuildFile; fileRef = 388472972B811A1A00D61AEE /* SLAvatarKit.framework */; };
		388472A72B811A1A00D61AEE /* SLAvatarKitTests.swift in Sources */ = {isa = PBXBuildFile; fileRef = 388472A62B811A1A00D61AEE /* SLAvatarKitTests.swift */; };
		388472A82B811A1A00D61AEE /* SLAvatarKit.h in Headers */ = {isa = PBXBuildFile; fileRef = 3884729A2B811A1A00D61AEE /* SLAvatarKit.h */; settings = {ATTRIBUTES = (Public, ); }; };
/* End PBXBuildFile section */

/* Begin PBXContainerItemProxy section */
		388472A32B811A1A00D61AEE /* PBXContainerItemProxy */ = {
			isa = PBXContainerItemProxy;
			containerPortal = 3884728E2B811A1A00D61AEE /* Project object */;
			proxyType = 1;
			remoteGlobalIDString = 388472962B811A1A00D61AEE;
			remoteInfo = SLAvatarKit;
		};
/* End PBXContainerItemProxy section */

/* Begin PBXFileReference section */
		388472972B811A1A00D61AEE /* SLAvatarKit.framework */ = {isa = PBXFileReference; explicitFileType = wrapper.framework; includeInIndex = 0; path = SLAvatarKit.framework; sourceTree = BUILT_PRODUCTS_DIR; };
		3884729A2B811A1A00D61AEE /* SLAvatarKit.h */ = {isa = PBXFileReference; lastKnownFileType = sourcecode.c.h; path = SLAvatarKit.h; sourceTree = "<group>"; };
		3884729B2B811A1A00D61AEE /* SLAvatarKit.docc */ = {isa = PBXFileReference; lastKnownFileType = folder.documentationcatalog; path = SLAvatarKit.docc; sourceTree = "<group>"; };
		388472A12B811A1A00D61AEE /* SLAvatarKitTests.xctest */ = {isa = PBXFileReference; explicitFileType = wrapper.cfbundle; includeInIndex = 0; path = SLAvatarKitTests.xctest; sourceTree = BUILT_PRODUCTS_DIR; };
		388472A62B811A1A00D61AEE /* SLAvatarKitTests.swift */ = {isa = PBXFileReference; lastKnownFileType = sourcecode.swift; path = SLAvatarKitTests.swift; sourceTree = "<group>"; };
/* End PBXFileReference section */

/* Begin PBXFrameworksBuildPhase section */
		388472942B811A1A00D61AEE /* Frameworks */ = {
			isa = PBXFrameworksBuildPhase;
			buildActionMask = 2147483647;
			files = (
			);
			runOnlyForDeploymentPostprocessing = 0;
		};
		3884729E2B811A1A00D61AEE /* Frameworks */ = {
			isa = PBXFrameworksBuildPhase;
			buildActionMask = 2147483647;
			files = (
				388472A22B811A1A00D61AEE /* SLAvatarKit.framework in Frameworks */,
			);
			runOnlyForDeploymentPostprocessing = 0;
		};
/* End PBXFrameworksBuildPhase section */

/* Begin PBXGroup section */
		3884728D2B811A1A00D61AEE = {
			isa = PBXGroup;
			children = (
				388472992B811A1A00D61AEE /* SLAvatarKit */,
				388472A52B811A1A00D61AEE /* SLAvatarKitTests */,
				388472982B811A1A00D61AEE /* Products */,
			);
			sourceTree = "<group>";
		};
		388472982B811A1A00D61AEE /* Products */ = {
			isa = PBXGroup;
			children = (
				388472972B811A1A00D61AEE /* SLAvatarKit.framework */,
				388472A12B811A1A00D61AEE /* SLAvatarKitTests.xctest */,
			);
			name = Products;
			sourceTree = "<group>";
		};
		388472992B811A1A00D61AEE /* SLAvatarKit */ = {
			isa = PBXGroup;
			children = (
				388472B22B8120A700D61AEE /* AvatarKit */,
				388472B12B81209D00D61AEE /* AvatarKitUI */,
				3884729A2B811A1A00D61AEE /* SLAvatarKit.h */,
				3884729B2B811A1A00D61AEE /* SLAvatarKit.docc */,
			);
			path = SLAvatarKit;
			sourceTree = "<group>";
		};
		388472A52B811A1A00D61AEE /* SLAvatarKitTests */ = {
			isa = PBXGroup;
			children = (
				388472A62B811A1A00D61AEE /* SLAvatarKitTests.swift */,
			);
			path = SLAvatarKitTests;
			sourceTree = "<group>";
		};
		388472B12B81209D00D61AEE /* AvatarKitUI */ = {
			isa = PBXGroup;
			children = (
			);
			path = AvatarKitUI;
			sourceTree = "<group>";
		};
		388472B22B8120A700D61AEE /* AvatarKit */ = {
			isa = PBXGroup;
			children = (
			);
			path = AvatarKit;
			sourceTree = "<group>";
		};
/* End PBXGroup section */

/* Begin PBXHeadersBuildPhase section */
		388472922B811A1A00D61AEE /* Headers */ = {
			isa = PBXHeadersBuildPhase;
			buildActionMask = 2147483647;
			files = (
				388472A82B811A1A00D61AEE /* SLAvatarKit.h in Headers */,
			);
			runOnlyForDeploymentPostprocessing = 0;
		};
/* End PBXHeadersBuildPhase section */

/* Begin PBXNativeTarget section */
		388472962B811A1A00D61AEE /* SLAvatarKit */ = {
			isa = PBXNativeTarget;
			buildConfigurationList = 388472AB2B811A1A00D61AEE /* Build configuration list for PBXNativeTarget "SLAvatarKit" */;
			buildPhases = (
				388472922B811A1A00D61AEE /* Headers */,
				388472932B811A1A00D61AEE /* Sources */,
				388472942B811A1A00D61AEE /* Frameworks */,
				388472952B811A1A00D61AEE /* Resources */,
			);
			buildRules = (
			);
			dependencies = (
			);
			name = SLAvatarKit;
			productName = SLAvatarKit;
			productReference = 388472972B811A1A00D61AEE /* SLAvatarKit.framework */;
			productType = "com.apple.product-type.framework";
		};
		388472A02B811A1A00D61AEE /* SLAvatarKitTests */ = {
			isa = PBXNativeTarget;
			buildConfigurationList = 388472AE2B811A1A00D61AEE /* Build configuration list for PBXNativeTarget "SLAvatarKitTests" */;
			buildPhases = (
				3884729D2B811A1A00D61AEE /* Sources */,
				3884729E2B811A1A00D61AEE /* Frameworks */,
				3884729F2B811A1A00D61AEE /* Resources */,
			);
			buildRules = (
			);
			dependencies = (
				388472A42B811A1A00D61AEE /* PBXTargetDependency */,
			);
			name = SLAvatarKitTests;
			productName = SLAvatarKitTests;
			productReference = 388472A12B811A1A00D61AEE /* SLAvatarKitTests.xctest */;
			productType = "com.apple.product-type.bundle.unit-test";
		};
/* End PBXNativeTarget section */

/* Begin PBXProject section */
		3884728E2B811A1A00D61AEE /* Project object */ = {
			isa = PBXProject;
			attributes = {
				BuildIndependentTargetsInParallel = 1;
				LastSwiftUpdateCheck = 1520;
				LastUpgradeCheck = 1520;
				TargetAttributes = {
					388472962B811A1A00D61AEE = {
						CreatedOnToolsVersion = 15.2;
					};
					388472A02B811A1A00D61AEE = {
						CreatedOnToolsVersion = 15.2;
					};
				};
			};
			buildConfigurationList = 388472912B811A1A00D61AEE /* Build configuration list for PBXProject "SLAvatarKit" */;
			compatibilityVersion = "Xcode 14.0";
			developmentRegion = en;
			hasScannedForEncodings = 0;
			knownRegions = (
				en,
				Base,
			);
			mainGroup = 3884728D2B811A1A00D61AEE;
			productRefGroup = 388472982B811A1A00D61AEE /* Products */;
			projectDirPath = "";
			projectRoot = "";
			targets = (
				388472962B811A1A00D61AEE /* SLAvatarKit */,
				388472A02B811A1A00D61AEE /* SLAvatarKitTests */,
			);
		};
/* End PBXProject section */

/* Begin PBXResourcesBuildPhase section */
		388472952B811A1A00D61AEE /* Resources */ = {
			isa = PBXResourcesBuildPhase;
			buildActionMask = 2147483647;
			files = (
			);
			runOnlyForDeploymentPostprocessing = 0;
		};
		3884729F2B811A1A00D61AEE /* Resources */ = {
			isa = PBXResourcesBuildPhase;
			buildActionMask = 2147483647;
			files = (
			);
			runOnlyForDeploymentPostprocessing = 0;
		};
/* End PBXResourcesBuildPhase section */

/* Begin PBXSourcesBuildPhase section */
		388472932B811A1A00D61AEE /* Sources */ = {
			isa = PBXSourcesBuildPhase;
			buildActionMask = 2147483647;
			files = (
				3884729C2B811A1A00D61AEE /* SLAvatarKit.docc in Sources */,
			);
			runOnlyForDeploymentPostprocessing = 0;
		};
		3884729D2B811A1A00D61AEE /* Sources */ = {
			isa = PBXSourcesBuildPhase;
			buildActionMask = 2147483647;
			files = (
				388472A72B811A1A00D61AEE /* SLAvatarKitTests.swift in Sources */,
			);
			runOnlyForDeploymentPostprocessing = 0;
		};
/* End PBXSourcesBuildPhase section */

/* Begin PBXTargetDependency section */
		388472A42B811A1A00D61AEE /* PBXTargetDependency */ = {
			isa = PBXTargetDependency;
			target = 388472962B811A1A00D61AEE /* SLAvatarKit */;
			targetProxy = 388472A32B811A1A00D61AEE /* PBXContainerItemProxy */;
		};
/* End PBXTargetDependency section */

/* Begin XCBuildConfiguration section */
		388472A92B811A1A00D61AEE /* Debug */ = {
			isa = XCBuildConfiguration;
			buildSettings = {
				ALWAYS_SEARCH_USER_PATHS = NO;
				ASSETCATALOG_COMPILER_GENERATE_SWIFT_ASSET_SYMBOL_EXTENSIONS = YES;
				CLANG_ANALYZER_NONNULL = YES;
				CLANG_ANALYZER_NUMBER_OBJECT_CONVERSION = YES_AGGRESSIVE;
				CLANG_CXX_LANGUAGE_STANDARD = "gnu++20";
				CLANG_ENABLE_MODULES = YES;
				CLANG_ENABLE_OBJC_ARC = YES;
				CLANG_ENABLE_OBJC_WEAK = YES;
				CLANG_WARN_BLOCK_CAPTURE_AUTORELEASING = YES;
				CLANG_WARN_BOOL_CONVERSION = YES;
				CLANG_WARN_COMMA = YES;
				CLANG_WARN_CONSTANT_CONVERSION = YES;
				CLANG_WARN_DEPRECATED_OBJC_IMPLEMENTATIONS = YES;
				CLANG_WARN_DIRECT_OBJC_ISA_USAGE = YES_ERROR;
				CLANG_WARN_DOCUMENTATION_COMMENTS = YES;
				CLANG_WARN_EMPTY_BODY = YES;
				CLANG_WARN_ENUM_CONVERSION = YES;
				CLANG_WARN_INFINITE_RECURSION = YES;
				CLANG_WARN_INT_CONVERSION = YES;
				CLANG_WARN_NON_LITERAL_NULL_CONVERSION = YES;
				CLANG_WARN_OBJC_IMPLICIT_RETAIN_SELF = YES;
				CLANG_WARN_OBJC_LITERAL_CONVERSION = YES;
				CLANG_WARN_OBJC_ROOT_CLASS = YES_ERROR;
				CLANG_WARN_QUOTED_INCLUDE_IN_FRAMEWORK_HEADER = YES;
				CLANG_WARN_RANGE_LOOP_ANALYSIS = YES;
				CLANG_WARN_STRICT_PROTOTYPES = YES;
				CLANG_WARN_SUSPICIOUS_MOVE = YES;
				CLANG_WARN_UNGUARDED_AVAILABILITY = YES_AGGRESSIVE;
				CLANG_WARN_UNREACHABLE_CODE = YES;
				CLANG_WARN__DUPLICATE_METHOD_MATCH = YES;
				COPY_PHASE_STRIP = NO;
				CURRENT_PROJECT_VERSION = 1;
				DEBUG_INFORMATION_FORMAT = dwarf;
				ENABLE_STRICT_OBJC_MSGSEND = YES;
				ENABLE_TESTABILITY = YES;
				ENABLE_USER_SCRIPT_SANDBOXING = YES;
				GCC_C_LANGUAGE_STANDARD = gnu17;
				GCC_DYNAMIC_NO_PIC = NO;
				GCC_NO_COMMON_BLOCKS = YES;
				GCC_OPTIMIZATION_LEVEL = 0;
				GCC_PREPROCESSOR_DEFINITIONS = (
					"DEBUG=1",
					"$(inherited)",
				);
				GCC_WARN_64_TO_32_BIT_CONVERSION = YES;
				GCC_WARN_ABOUT_RETURN_TYPE = YES_ERROR;
				GCC_WARN_UNDECLARED_SELECTOR = YES;
				GCC_WARN_UNINITIALIZED_AUTOS = YES_AGGRESSIVE;
				GCC_WARN_UNUSED_FUNCTION = YES;
				GCC_WARN_UNUSED_VARIABLE = YES;
				LOCALIZATION_PREFERS_STRING_CATALOGS = YES;
				MTL_ENABLE_DEBUG_INFO = INCLUDE_SOURCE;
				MTL_FAST_MATH = YES;
				ONLY_ACTIVE_ARCH = YES;
				SWIFT_ACTIVE_COMPILATION_CONDITIONS = "DEBUG $(inherited)";
				SWIFT_OPTIMIZATION_LEVEL = "-Onone";
				VERSIONING_SYSTEM = "apple-generic";
				VERSION_INFO_PREFIX = "";
			};
			name = Debug;
		};
		388472AA2B811A1A00D61AEE /* Release */ = {
			isa = XCBuildConfiguration;
			buildSettings = {
				ALWAYS_SEARCH_USER_PATHS = NO;
				ASSETCATALOG_COMPILER_GENERATE_SWIFT_ASSET_SYMBOL_EXTENSIONS = YES;
				CLANG_ANALYZER_NONNULL = YES;
				CLANG_ANALYZER_NUMBER_OBJECT_CONVERSION = YES_AGGRESSIVE;
				CLANG_CXX_LANGUAGE_STANDARD = "gnu++20";
				CLANG_ENABLE_MODULES = YES;
				CLANG_ENABLE_OBJC_ARC = YES;
				CLANG_ENABLE_OBJC_WEAK = YES;
				CLANG_WARN_BLOCK_CAPTURE_AUTORELEASING = YES;
				CLANG_WARN_BOOL_CONVERSION = YES;
				CLANG_WARN_COMMA = YES;
				CLANG_WARN_CONSTANT_CONVERSION = YES;
				CLANG_WARN_DEPRECATED_OBJC_IMPLEMENTATIONS = YES;
				CLANG_WARN_DIRECT_OBJC_ISA_USAGE = YES_ERROR;
				CLANG_WARN_DOCUMENTATION_COMMENTS = YES;
				CLANG_WARN_EMPTY_BODY = YES;
				CLANG_WARN_ENUM_CONVERSION = YES;
				CLANG_WARN_INFINITE_RECURSION = YES;
				CLANG_WARN_INT_CONVERSION = YES;
				CLANG_WARN_NON_LITERAL_NULL_CONVERSION = YES;
				CLANG_WARN_OBJC_IMPLICIT_RETAIN_SELF = YES;
				CLANG_WARN_OBJC_LITERAL_CONVERSION = YES;
				CLANG_WARN_OBJC_ROOT_CLASS = YES_ERROR;
				CLANG_WARN_QUOTED_INCLUDE_IN_FRAMEWORK_HEADER = YES;
				CLANG_WARN_RANGE_LOOP_ANALYSIS = YES;
				CLANG_WARN_STRICT_PROTOTYPES = YES;
				CLANG_WARN_SUSPICIOUS_MOVE = YES;
				CLANG_WARN_UNGUARDED_AVAILABILITY = YES_AGGRESSIVE;
				CLANG_WARN_UNREACHABLE_CODE = YES;
				CLANG_WARN__DUPLICATE_METHOD_MATCH = YES;
				COPY_PHASE_STRIP = NO;
				CURRENT_PROJECT_VERSION = 1;
				DEBUG_INFORMATION_FORMAT = "dwarf-with-dsym";
				ENABLE_NS_ASSERTIONS = NO;
				ENABLE_STRICT_OBJC_MSGSEND = YES;
				ENABLE_USER_SCRIPT_SANDBOXING = YES;
				GCC_C_LANGUAGE_STANDARD = gnu17;
				GCC_NO_COMMON_BLOCKS = YES;
				GCC_WARN_64_TO_32_BIT_CONVERSION = YES;
				GCC_WARN_ABOUT_RETURN_TYPE = YES_ERROR;
				GCC_WARN_UNDECLARED_SELECTOR = YES;
				GCC_WARN_UNINITIALIZED_AUTOS = YES_AGGRESSIVE;
				GCC_WARN_UNUSED_FUNCTION = YES;
				GCC_WARN_UNUSED_VARIABLE = YES;
				LOCALIZATION_PREFERS_STRING_CATALOGS = YES;
				MTL_ENABLE_DEBUG_INFO = NO;
				MTL_FAST_MATH = YES;
				SWIFT_COMPILATION_MODE = wholemodule;
				VERSIONING_SYSTEM = "apple-generic";
				VERSION_INFO_PREFIX = "";
			};
			name = Release;
		};
		388472AC2B811A1A00D61AEE /* Debug */ = {
			isa = XCBuildConfiguration;
			buildSettings = {
				CODE_SIGN_STYLE = Automatic;
				CURRENT_PROJECT_VERSION = 1;
				DEFINES_MODULE = YES;
				DEVELOPMENT_TEAM = W93RMB5CDG;
				DYLIB_COMPATIBILITY_VERSION = 1;
				DYLIB_CURRENT_VERSION = 1;
				DYLIB_INSTALL_NAME_BASE = "@rpath";
				ENABLE_MODULE_VERIFIER = YES;
				GENERATE_INFOPLIST_FILE = YES;
				INFOPLIST_KEY_NSHumanReadableCopyright = "";
				INSTALL_PATH = "$(LOCAL_LIBRARY_DIR)/Frameworks";
				IPHONEOS_DEPLOYMENT_TARGET = 16.0;
				LD_RUNPATH_SEARCH_PATHS = (
					"@executable_path/Frameworks",
					"@loader_path/Frameworks",
				);
				"LD_RUNPATH_SEARCH_PATHS[sdk=macosx*]" = (
					"@executable_path/../Frameworks",
					"@loader_path/Frameworks",
				);
				MACOSX_DEPLOYMENT_TARGET = 13.0;
				MARKETING_VERSION = 1.0;
				MODULE_VERIFIER_SUPPORTED_LANGUAGES = "objective-c objective-c++";
				MODULE_VERIFIER_SUPPORTED_LANGUAGE_STANDARDS = "gnu17 gnu++20";
				PRODUCT_BUNDLE_IDENTIFIER = com.nhstudios.SLAvatarKit;
				PRODUCT_NAME = "$(TARGET_NAME:c99extidentifier)";
				SDKROOT = auto;
				SKIP_INSTALL = YES;
				SUPPORTED_PLATFORMS = "iphoneos iphonesimulator macosx";
				SWIFT_EMIT_LOC_STRINGS = YES;
				SWIFT_VERSION = 5.0;
				TARGETED_DEVICE_FAMILY = "1,2";
			};
			name = Debug;
		};
		388472AD2B811A1A00D61AEE /* Release */ = {
			isa = XCBuildConfiguration;
			buildSettings = {
				CODE_SIGN_STYLE = Automatic;
				CURRENT_PROJECT_VERSION = 1;
				DEFINES_MODULE = YES;
				DEVELOPMENT_TEAM = W93RMB5CDG;
				DYLIB_COMPATIBILITY_VERSION = 1;
				DYLIB_CURRENT_VERSION = 1;
				DYLIB_INSTALL_NAME_BASE = "@rpath";
				ENABLE_MODULE_VERIFIER = YES;
				GENERATE_INFOPLIST_FILE = YES;
				INFOPLIST_KEY_NSHumanReadableCopyright = "";
				INSTALL_PATH = "$(LOCAL_LIBRARY_DIR)/Frameworks";
				IPHONEOS_DEPLOYMENT_TARGET = 16.0;
				LD_RUNPATH_SEARCH_PATHS = (
					"@executable_path/Frameworks",
					"@loader_path/Frameworks",
				);
				"LD_RUNPATH_SEARCH_PATHS[sdk=macosx*]" = (
					"@executable_path/../Frameworks",
					"@loader_path/Frameworks",
				);
				MACOSX_DEPLOYMENT_TARGET = 13.0;
				MARKETING_VERSION = 1.0;
				MODULE_VERIFIER_SUPPORTED_LANGUAGES = "objective-c objective-c++";
				MODULE_VERIFIER_SUPPORTED_LANGUAGE_STANDARDS = "gnu17 gnu++20";
				PRODUCT_BUNDLE_IDENTIFIER = com.nhstudios.SLAvatarKit;
				PRODUCT_NAME = "$(TARGET_NAME:c99extidentifier)";
				SDKROOT = auto;
				SKIP_INSTALL = YES;
				SUPPORTED_PLATFORMS = "iphoneos iphonesimulator macosx";
				SWIFT_EMIT_LOC_STRINGS = YES;
				SWIFT_VERSION = 5.0;
				TARGETED_DEVICE_FAMILY = "1,2";
			};
			name = Release;
		};
		388472AF2B811A1A00D61AEE /* Debug */ = {
			isa = XCBuildConfiguration;
			buildSettings = {
				CODE_SIGN_STYLE = Automatic;
				CURRENT_PROJECT_VERSION = 1;
				DEVELOPMENT_TEAM = W93RMB5CDG;
				GENERATE_INFOPLIST_FILE = YES;
				IPHONEOS_DEPLOYMENT_TARGET = 17.2;
				MACOSX_DEPLOYMENT_TARGET = 14.0;
				MARKETING_VERSION = 1.0;
				PRODUCT_BUNDLE_IDENTIFIER = com.nhstudios.SLAvatarKitTests;
				PRODUCT_NAME = "$(TARGET_NAME)";
				SDKROOT = auto;
				SUPPORTED_PLATFORMS = "iphoneos iphonesimulator macosx";
				SWIFT_EMIT_LOC_STRINGS = NO;
				SWIFT_VERSION = 5.0;
				TARGETED_DEVICE_FAMILY = "1,2";
			};
			name = Debug;
		};
		388472B02B811A1A00D61AEE /* Release */ = {
			isa = XCBuildConfiguration;
			buildSettings = {
				CODE_SIGN_STYLE = Automatic;
				CURRENT_PROJECT_VERSION = 1;
				DEVELOPMENT_TEAM = W93RMB5CDG;
				GENERATE_INFOPLIST_FILE = YES;
				IPHONEOS_DEPLOYMENT_TARGET = 17.2;
				MACOSX_DEPLOYMENT_TARGET = 14.0;
				MARKETING_VERSION = 1.0;
				PRODUCT_BUNDLE_IDENTIFIER = com.nhstudios.SLAvatarKitTests;
				PRODUCT_NAME = "$(TARGET_NAME)";
				SDKROOT = auto;
				SUPPORTED_PLATFORMS = "iphoneos iphonesimulator macosx";
				SWIFT_EMIT_LOC_STRINGS = NO;
				SWIFT_VERSION = 5.0;
				TARGETED_DEVICE_FAMILY = "1,2";
			};
			name = Release;
		};
/* End XCBuildConfiguration section */

/* Begin XCConfigurationList section */
		388472912B811A1A00D61AEE /* Build configuration list for PBXProject "SLAvatarKit" */ = {
			isa = XCConfigurationList;
			buildConfigurations = (
				388472A92B811A1A00D61AEE /* Debug */,
				388472AA2B811A1A00D61AEE /* Release */,
			);
			defaultConfigurationIsVisible = 0;
			defaultConfigurationName = Release;
		};
		388472AB2B811A1A00D61AEE /* Build configuration list for PBXNativeTarget "SLAvatarKit" */ = {
			isa = XCConfigurationList;
			buildConfigurations = (
				388472AC2B811A1A00D61AEE /* Debug */,
				388472AD2B811A1A00D61AEE /* Release */,
			);
			defaultConfigurationIsVisible = 0;
			defaultConfigurationName = Release;
		};
		388472AE2B811A1A00D61AEE /* Build configuration list for PBXNativeTarget "SLAvatarKitTests" */ = {
			isa = XCConfigurationList;
			buildConfigurations = (
				388472AF2B811A1A00D61AEE /* Debug */,
				388472B02B811A1A00D61AEE /* Release */,
			);
			defaultConfigurationIsVisible = 0;
			defaultConfigurationName = Release;
		};
/* End XCConfigurationList section */
	};
	rootObject = 3884728E2B811A1A00D61AEE /* Project object */;
}
