// !$*UTF8*$!
{
	archiveVersion = 1;
	classes = {
	};
	objectVersion = 56;
	objects = {

/* Begin PBXBuildFile section */
		3884729C2B811A1A00D61AEE /* SLAvatarKit.docc in Sources */ = {isa = PBXBuildFile; fileRef = 3884729B2B811A1A00D61AEE /* SLAvatarKit.docc */; };
		388472A82B811A1A00D61AEE /* SLAvatarKit.h in Headers */ = {isa = PBXBuildFile; fileRef = 3884729A2B811A1A00D61AEE /* SLAvatarKit.h */; settings = {ATTRIBUTES = (Public, ); }; };
		388472B52B8235E600D61AEE /* AFAvatarManagement.swift in Sources */ = {isa = PBXBuildFile; fileRef = 388472B42B8235E600D61AEE /* AFAvatarManagement.swift */; };
		388472B92B8239FD00D61AEE /* AFAvatarManagementModel.m in Sources */ = {isa = PBXBuildFile; fileRef = 388472B82B8239FD00D61AEE /* AFAvatarManagementModel.m */; };
		388472BB2B823AB600D61AEE /* AFAvatarManagementModel.h in Headers */ = {isa = PBXBuildFile; fileRef = 388472BA2B823AB600D61AEE /* AFAvatarManagementModel.h */; settings = {ATTRIBUTES = (Public, ); }; };
		388472C22B82462000D61AEE /* Media.xcassets in Resources */ = {isa = PBXBuildFile; fileRef = 388472C12B82462000D61AEE /* Media.xcassets */; };
		388472C62B828B6C00D61AEE /* AAnimoji.swift in Sources */ = {isa = PBXBuildFile; fileRef = 388472C52B828B6C00D61AEE /* AAnimoji.swift */; };
		388472C92B828C3500D61AEE /* AFAnimojiView.h in Headers */ = {isa = PBXBuildFile; fileRef = 388472C82B828C3500D61AEE /* AFAnimojiView.h */; settings = {ATTRIBUTES = (Public, ); }; };
		388472CB2B828CC600D61AEE /* AFAnimojiView.m in Sources */ = {isa = PBXBuildFile; fileRef = 388472CA2B828CC600D61AEE /* AFAnimojiView.m */; };
		388472CE2B828E9F00D61AEE /* AFVRecordView.h in Headers */ = {isa = PBXBuildFile; fileRef = 388472CD2B828E9F00D61AEE /* AFVRecordView.h */; settings = {ATTRIBUTES = (Public, ); }; };
		388472D12B828F6B00D61AEE /* AFVRecordView.m in Sources */ = {isa = PBXBuildFile; fileRef = 388472D02B828F6B00D61AEE /* AFVRecordView.m */; };
		388472D32B828FE200D61AEE /* AFAnimoji.h in Headers */ = {isa = PBXBuildFile; fileRef = 388472D22B828FE200D61AEE /* AFAnimoji.h */; settings = {ATTRIBUTES = (Public, ); }; };
		388472D52B828FFF00D61AEE /* AFAnimoji.m in Sources */ = {isa = PBXBuildFile; fileRef = 388472D42B828FFF00D61AEE /* AFAnimoji.m */; };
		388473532B8A196100D61AEE /* AFAgreement.swift in Sources */ = {isa = PBXBuildFile; fileRef = 388473522B8A196100D61AEE /* AFAgreement.swift */; };
		388473552B8A622300D61AEE /* Package.swift in Sources */ = {isa = PBXBuildFile; fileRef = 388473542B8A622300D61AEE /* Package.swift */; };
/* End PBXBuildFile section */

/* Begin PBXFileReference section */
		388472972B811A1A00D61AEE /* SLAvatarKit.framework */ = {isa = PBXFileReference; explicitFileType = wrapper.framework; includeInIndex = 0; path = SLAvatarKit.framework; sourceTree = BUILT_PRODUCTS_DIR; };
		3884729A2B811A1A00D61AEE /* SLAvatarKit.h */ = {isa = PBXFileReference; lastKnownFileType = sourcecode.c.h; path = SLAvatarKit.h; sourceTree = "<group>"; };
		3884729B2B811A1A00D61AEE /* SLAvatarKit.docc */ = {isa = PBXFileReference; lastKnownFileType = folder.documentationcatalog; path = SLAvatarKit.docc; sourceTree = "<group>"; };
		388472B42B8235E600D61AEE /* AFAvatarManagement.swift */ = {isa = PBXFileReference; lastKnownFileType = sourcecode.swift; path = AFAvatarManagement.swift; sourceTree = "<group>"; };
		388472B82B8239FD00D61AEE /* AFAvatarManagementModel.m */ = {isa = PBXFileReference; lastKnownFileType = sourcecode.c.objc; path = AFAvatarManagementModel.m; sourceTree = "<group>"; };
		388472BA2B823AB600D61AEE /* AFAvatarManagementModel.h */ = {isa = PBXFileReference; lastKnownFileType = sourcecode.c.h; path = AFAvatarManagementModel.h; sourceTree = "<group>"; };
		388472C12B82462000D61AEE /* Media.xcassets */ = {isa = PBXFileReference; lastKnownFileType = folder.assetcatalog; path = Media.xcassets; sourceTree = "<group>"; };
		388472C52B828B6C00D61AEE /* AAnimoji.swift */ = {isa = PBXFileReference; lastKnownFileType = sourcecode.swift; path = AAnimoji.swift; sourceTree = "<group>"; };
		388472C82B828C3500D61AEE /* AFAnimojiView.h */ = {isa = PBXFileReference; lastKnownFileType = sourcecode.c.h; path = AFAnimojiView.h; sourceTree = "<group>"; };
		388472CA2B828CC600D61AEE /* AFAnimojiView.m */ = {isa = PBXFileReference; lastKnownFileType = sourcecode.c.objc; path = AFAnimojiView.m; sourceTree = "<group>"; };
		388472CD2B828E9F00D61AEE /* AFVRecordView.h */ = {isa = PBXFileReference; lastKnownFileType = sourcecode.c.h; path = AFVRecordView.h; sourceTree = "<group>"; };
		388472D02B828F6B00D61AEE /* AFVRecordView.m */ = {isa = PBXFileReference; lastKnownFileType = sourcecode.c.objc; path = AFVRecordView.m; sourceTree = "<group>"; };
		388472D22B828FE200D61AEE /* AFAnimoji.h */ = {isa = PBXFileReference; lastKnownFileType = sourcecode.c.h; path = AFAnimoji.h; sourceTree = "<group>"; };
		388472D42B828FFF00D61AEE /* AFAnimoji.m */ = {isa = PBXFileReference; lastKnownFileType = sourcecode.c.objc; path = AFAnimoji.m; sourceTree = "<group>"; };
		388473522B8A196100D61AEE /* AFAgreement.swift */ = {isa = PBXFileReference; lastKnownFileType = sourcecode.swift; path = AFAgreement.swift; sourceTree = "<group>"; };
		388473542B8A622300D61AEE /* Package.swift */ = {isa = PBXFileReference; lastKnownFileType = sourcecode.swift; path = Package.swift; sourceTree = "<group>"; };
/* End PBXFileReference section */

/* Begin PBXFrameworksBuildPhase section */
		388472942B811A1A00D61AEE /* Frameworks */ = {
			isa = PBXFrameworksBuildPhase;
			buildActionMask = 2147483647;
			files = (
			);
			runOnlyForDeploymentPostprocessing = 0;
		};
/* End PBXFrameworksBuildPhase section */

/* Begin PBXGroup section */
		3884728D2B811A1A00D61AEE = {
			isa = PBXGroup;
			children = (
				388472992B811A1A00D61AEE /* SLAvatarKit */,
				388472982B811A1A00D61AEE /* Products */,
			);
			sourceTree = "<group>";
		};
		388472982B811A1A00D61AEE /* Products */ = {
			isa = PBXGroup;
			children = (
				388472972B811A1A00D61AEE /* SLAvatarKit.framework */,
			);
			name = Products;
			sourceTree = "<group>";
		};
		388472992B811A1A00D61AEE /* SLAvatarKit */ = {
			isa = PBXGroup;
			children = (
				388472B22B8120A700D61AEE /* AvatarKit */,
				388472B12B81209D00D61AEE /* AvatarKitUI */,
				3884729A2B811A1A00D61AEE /* SLAvatarKit.h */,
				3884729B2B811A1A00D61AEE /* SLAvatarKit.docc */,
				388473542B8A622300D61AEE /* Package.swift */,
			);
			path = SLAvatarKit;
			sourceTree = "<group>";
		};
		388472B12B81209D00D61AEE /* AvatarKitUI */ = {
			isa = PBXGroup;
			children = (
				388472C32B8248C400D61AEE /* Core */,
				388472C02B82461000D61AEE /* Resources */,
			);
			path = AvatarKitUI;
			sourceTree = "<group>";
		};
		388472B22B8120A700D61AEE /* AvatarKit */ = {
			isa = PBXGroup;
			children = (
				388472C42B8249B500D61AEE /* Core */,
				388472BF2B82457500D61AEE /* Animojis */,
				388472BE2B82456500D61AEE /* Memojis */,
				388472BC2B82454700D61AEE /* Include */,
			);
			path = AvatarKit;
			sourceTree = "<group>";
		};
		388472B32B8235D300D61AEE /* Management */ = {
			isa = PBXGroup;
			children = (
				388472B42B8235E600D61AEE /* AFAvatarManagement.swift */,
				388472B82B8239FD00D61AEE /* AFAvatarManagementModel.m */,
				388472BA2B823AB600D61AEE /* AFAvatarManagementModel.h */,
			);
			path = Management;
			sourceTree = "<group>";
		};
		388472BC2B82454700D61AEE /* Include */ = {
			isa = PBXGroup;
			children = (
			);
			path = Include;
			sourceTree = "<group>";
		};
		388472BE2B82456500D61AEE /* Memojis */ = {
			isa = PBXGroup;
			children = (
				388472D82B8291C200D61AEE /* Views */,
				388472D72B8291BA00D61AEE /* Service */,
				388472D62B8291B200D61AEE /* Include */,
			);
			path = Memojis;
			sourceTree = "<group>";
		};
		388472BF2B82457500D61AEE /* Animojis */ = {
			isa = PBXGroup;
			children = (
				388472CF2B828F5600D61AEE /* Views */,
				388472CC2B828E5E00D61AEE /* Include */,
				388472C72B828C2000D61AEE /* Service */,
			);
			path = Animojis;
			sourceTree = "<group>";
		};
		388472C02B82461000D61AEE /* Resources */ = {
			isa = PBXGroup;
			children = (
				388472C12B82462000D61AEE /* Media.xcassets */,
			);
			path = Resources;
			sourceTree = "<group>";
		};
		388472C32B8248C400D61AEE /* Core */ = {
			isa = PBXGroup;
			children = (
				388473512B8A190D00D61AEE /* Agreement */,
				388472B32B8235D300D61AEE /* Management */,
			);
			path = Core;
			sourceTree = "<group>";
		};
		388472C42B8249B500D61AEE /* Core */ = {
			isa = PBXGroup;
			children = (
			);
			path = Core;
			sourceTree = "<group>";
		};
		388472C72B828C2000D61AEE /* Service */ = {
			isa = PBXGroup;
			children = (
				388472C52B828B6C00D61AEE /* AAnimoji.swift */,
				388472C82B828C3500D61AEE /* AFAnimojiView.h */,
				388472CA2B828CC600D61AEE /* AFAnimojiView.m */,
			);
			path = Service;
			sourceTree = "<group>";
		};
		388472CC2B828E5E00D61AEE /* Include */ = {
			isa = PBXGroup;
			children = (
				388472CD2B828E9F00D61AEE /* AFVRecordView.h */,
				388472D22B828FE200D61AEE /* AFAnimoji.h */,
			);
			path = Include;
			sourceTree = "<group>";
		};
		388472CF2B828F5600D61AEE /* Views */ = {
			isa = PBXGroup;
			children = (
				388472D02B828F6B00D61AEE /* AFVRecordView.m */,
				388472D42B828FFF00D61AEE /* AFAnimoji.m */,
			);
			path = Views;
			sourceTree = "<group>";
		};
		388472D62B8291B200D61AEE /* Include */ = {
			isa = PBXGroup;
			children = (
			);
			path = Include;
			sourceTree = "<group>";
		};
		388472D72B8291BA00D61AEE /* Service */ = {
			isa = PBXGroup;
			children = (
			);
			path = Service;
			sourceTree = "<group>";
		};
		388472D82B8291C200D61AEE /* Views */ = {
			isa = PBXGroup;
			children = (
			);
			path = Views;
			sourceTree = "<group>";
		};
		388473512B8A190D00D61AEE /* Agreement */ = {
			isa = PBXGroup;
			children = (
				388473522B8A196100D61AEE /* AFAgreement.swift */,
			);
			path = Agreement;
			sourceTree = "<group>";
		};
/* End PBXGroup section */

/* Begin PBXHeadersBuildPhase section */
		388472922B811A1A00D61AEE /* Headers */ = {
			isa = PBXHeadersBuildPhase;
			buildActionMask = 2147483647;
			files = (
				388472BB2B823AB600D61AEE /* AFAvatarManagementModel.h in Headers */,
				388472D32B828FE200D61AEE /* AFAnimoji.h in Headers */,
				388472C92B828C3500D61AEE /* AFAnimojiView.h in Headers */,
				388472A82B811A1A00D61AEE /* SLAvatarKit.h in Headers */,
				388472CE2B828E9F00D61AEE /* AFVRecordView.h in Headers */,
			);
			runOnlyForDeploymentPostprocessing = 0;
		};
/* End PBXHeadersBuildPhase section */

/* Begin PBXNativeTarget section */
		388472962B811A1A00D61AEE /* SLAvatarKit */ = {
			isa = PBXNativeTarget;
			buildConfigurationList = 388472AB2B811A1A00D61AEE /* Build configuration list for PBXNativeTarget "SLAvatarKit" */;
			buildPhases = (
				388472922B811A1A00D61AEE /* Headers */,
				388472932B811A1A00D61AEE /* Sources */,
				388472942B811A1A00D61AEE /* Frameworks */,
				388472952B811A1A00D61AEE /* Resources */,
			);
			buildRules = (
			);
			dependencies = (
			);
			name = SLAvatarKit;
			productName = SLAvatarKit;
			productReference = 388472972B811A1A00D61AEE /* SLAvatarKit.framework */;
			productType = "com.apple.product-type.framework";
		};
/* End PBXNativeTarget section */

/* Begin PBXProject section */
		3884728E2B811A1A00D61AEE /* Project object */ = {
			isa = PBXProject;
			attributes = {
				BuildIndependentTargetsInParallel = 1;
				LastSwiftUpdateCheck = 1520;
				LastUpgradeCheck = 1520;
				TargetAttributes = {
					388472962B811A1A00D61AEE = {
						CreatedOnToolsVersion = 15.2;
						LastSwiftMigration = 1520;
					};
				};
			};
			buildConfigurationList = 388472912B811A1A00D61AEE /* Build configuration list for PBXProject "SLAvatarKit" */;
			compatibilityVersion = "Xcode 14.0";
			developmentRegion = en;
			hasScannedForEncodings = 0;
			knownRegions = (
				en,
				Base,
			);
			mainGroup = 3884728D2B811A1A00D61AEE;
			productRefGroup = 388472982B811A1A00D61AEE /* Products */;
			projectDirPath = "";
			projectRoot = "";
			targets = (
				388472962B811A1A00D61AEE /* SLAvatarKit */,
			);
		};
/* End PBXProject section */

/* Begin PBXResourcesBuildPhase section */
		388472952B811A1A00D61AEE /* Resources */ = {
			isa = PBXResourcesBuildPhase;
			buildActionMask = 2147483647;
			files = (
				388472C22B82462000D61AEE /* Media.xcassets in Resources */,
			);
			runOnlyForDeploymentPostprocessing = 0;
		};
/* End PBXResourcesBuildPhase section */

/* Begin PBXSourcesBuildPhase section */
		388472932B811A1A00D61AEE /* Sources */ = {
			isa = PBXSourcesBuildPhase;
			buildActionMask = 2147483647;
			files = (
				388472D12B828F6B00D61AEE /* AFVRecordView.m in Sources */,
				388472B92B8239FD00D61AEE /* AFAvatarManagementModel.m in Sources */,
				388472C62B828B6C00D61AEE /* AAnimoji.swift in Sources */,
				388473552B8A622300D61AEE /* Package.swift in Sources */,
				388473532B8A196100D61AEE /* AFAgreement.swift in Sources */,
				388472D52B828FFF00D61AEE /* AFAnimoji.m in Sources */,
				3884729C2B811A1A00D61AEE /* SLAvatarKit.docc in Sources */,
				388472B52B8235E600D61AEE /* AFAvatarManagement.swift in Sources */,
				388472CB2B828CC600D61AEE /* AFAnimojiView.m in Sources */,
			);
			runOnlyForDeploymentPostprocessing = 0;
		};
/* End PBXSourcesBuildPhase section */

/* Begin XCBuildConfiguration section */
		388472A92B811A1A00D61AEE /* Debug */ = {
			isa = XCBuildConfiguration;
			buildSettings = {
				ALWAYS_SEARCH_USER_PATHS = NO;
				ASSETCATALOG_COMPILER_GENERATE_SWIFT_ASSET_SYMBOL_EXTENSIONS = YES;
				CLANG_ANALYZER_NONNULL = YES;
				CLANG_ANALYZER_NUMBER_OBJECT_CONVERSION = YES_AGGRESSIVE;
				CLANG_CXX_LANGUAGE_STANDARD = "gnu++20";
				CLANG_ENABLE_MODULES = YES;
				CLANG_ENABLE_OBJC_ARC = YES;
				CLANG_ENABLE_OBJC_WEAK = YES;
				CLANG_WARN_BLOCK_CAPTURE_AUTORELEASING = YES;
				CLANG_WARN_BOOL_CONVERSION = YES;
				CLANG_WARN_COMMA = YES;
				CLANG_WARN_CONSTANT_CONVERSION = YES;
				CLANG_WARN_DEPRECATED_OBJC_IMPLEMENTATIONS = YES;
				CLANG_WARN_DIRECT_OBJC_ISA_USAGE = YES_ERROR;
				CLANG_WARN_DOCUMENTATION_COMMENTS = YES;
				CLANG_WARN_EMPTY_BODY = YES;
				CLANG_WARN_ENUM_CONVERSION = YES;
				CLANG_WARN_INFINITE_RECURSION = YES;
				CLANG_WARN_INT_CONVERSION = YES;
				CLANG_WARN_NON_LITERAL_NULL_CONVERSION = YES;
				CLANG_WARN_OBJC_IMPLICIT_RETAIN_SELF = YES;
				CLANG_WARN_OBJC_LITERAL_CONVERSION = YES;
				CLANG_WARN_OBJC_ROOT_CLASS = YES_ERROR;
				CLANG_WARN_QUOTED_INCLUDE_IN_FRAMEWORK_HEADER = YES;
				CLANG_WARN_RANGE_LOOP_ANALYSIS = YES;
				CLANG_WARN_STRICT_PROTOTYPES = YES;
				CLANG_WARN_SUSPICIOUS_MOVE = YES;
				CLANG_WARN_UNGUARDED_AVAILABILITY = YES_AGGRESSIVE;
				CLANG_WARN_UNREACHABLE_CODE = YES;
				CLANG_WARN__DUPLICATE_METHOD_MATCH = YES;
				COPY_PHASE_STRIP = NO;
				CURRENT_PROJECT_VERSION = 1;
				DEBUG_INFORMATION_FORMAT = dwarf;
				ENABLE_STRICT_OBJC_MSGSEND = YES;
				ENABLE_TESTABILITY = YES;
				ENABLE_USER_SCRIPT_SANDBOXING = YES;
				GCC_C_LANGUAGE_STANDARD = gnu17;
				GCC_DYNAMIC_NO_PIC = NO;
				GCC_NO_COMMON_BLOCKS = YES;
				GCC_OPTIMIZATION_LEVEL = 0;
				GCC_PREPROCESSOR_DEFINITIONS = (
					"DEBUG=1",
					"$(inherited)",
				);
				GCC_WARN_64_TO_32_BIT_CONVERSION = YES;
				GCC_WARN_ABOUT_RETURN_TYPE = YES_ERROR;
				GCC_WARN_UNDECLARED_SELECTOR = YES;
				GCC_WARN_UNINITIALIZED_AUTOS = YES_AGGRESSIVE;
				GCC_WARN_UNUSED_FUNCTION = YES;
				GCC_WARN_UNUSED_VARIABLE = YES;
				LOCALIZATION_PREFERS_STRING_CATALOGS = YES;
				MTL_ENABLE_DEBUG_INFO = INCLUDE_SOURCE;
				MTL_FAST_MATH = YES;
				ONLY_ACTIVE_ARCH = YES;
				SWIFT_ACTIVE_COMPILATION_CONDITIONS = "DEBUG $(inherited)";
				SWIFT_OPTIMIZATION_LEVEL = "-Onone";
				VERSIONING_SYSTEM = "apple-generic";
				VERSION_INFO_PREFIX = "";
			};
			name = Debug;
		};
		388472AA2B811A1A00D61AEE /* Release */ = {
			isa = XCBuildConfiguration;
			buildSettings = {
				ALWAYS_SEARCH_USER_PATHS = NO;
				ASSETCATALOG_COMPILER_GENERATE_SWIFT_ASSET_SYMBOL_EXTENSIONS = YES;
				CLANG_ANALYZER_NONNULL = YES;
				CLANG_ANALYZER_NUMBER_OBJECT_CONVERSION = YES_AGGRESSIVE;
				CLANG_CXX_LANGUAGE_STANDARD = "gnu++20";
				CLANG_ENABLE_MODULES = YES;
				CLANG_ENABLE_OBJC_ARC = YES;
				CLANG_ENABLE_OBJC_WEAK = YES;
				CLANG_WARN_BLOCK_CAPTURE_AUTORELEASING = YES;
				CLANG_WARN_BOOL_CONVERSION = YES;
				CLANG_WARN_COMMA = YES;
				CLANG_WARN_CONSTANT_CONVERSION = YES;
				CLANG_WARN_DEPRECATED_OBJC_IMPLEMENTATIONS = YES;
				CLANG_WARN_DIRECT_OBJC_ISA_USAGE = YES_ERROR;
				CLANG_WARN_DOCUMENTATION_COMMENTS = YES;
				CLANG_WARN_EMPTY_BODY = YES;
				CLANG_WARN_ENUM_CONVERSION = YES;
				CLANG_WARN_INFINITE_RECURSION = YES;
				CLANG_WARN_INT_CONVERSION = YES;
				CLANG_WARN_NON_LITERAL_NULL_CONVERSION = YES;
				CLANG_WARN_OBJC_IMPLICIT_RETAIN_SELF = YES;
				CLANG_WARN_OBJC_LITERAL_CONVERSION = YES;
				CLANG_WARN_OBJC_ROOT_CLASS = YES_ERROR;
				CLANG_WARN_QUOTED_INCLUDE_IN_FRAMEWORK_HEADER = YES;
				CLANG_WARN_RANGE_LOOP_ANALYSIS = YES;
				CLANG_WARN_STRICT_PROTOTYPES = YES;
				CLANG_WARN_SUSPICIOUS_MOVE = YES;
				CLANG_WARN_UNGUARDED_AVAILABILITY = YES_AGGRESSIVE;
				CLANG_WARN_UNREACHABLE_CODE = YES;
				CLANG_WARN__DUPLICATE_METHOD_MATCH = YES;
				COPY_PHASE_STRIP = NO;
				CURRENT_PROJECT_VERSION = 1;
				DEBUG_INFORMATION_FORMAT = "dwarf-with-dsym";
				ENABLE_NS_ASSERTIONS = NO;
				ENABLE_STRICT_OBJC_MSGSEND = YES;
				ENABLE_USER_SCRIPT_SANDBOXING = YES;
				GCC_C_LANGUAGE_STANDARD = gnu17;
				GCC_NO_COMMON_BLOCKS = YES;
				GCC_WARN_64_TO_32_BIT_CONVERSION = YES;
				GCC_WARN_ABOUT_RETURN_TYPE = YES_ERROR;
				GCC_WARN_UNDECLARED_SELECTOR = YES;
				GCC_WARN_UNINITIALIZED_AUTOS = YES_AGGRESSIVE;
				GCC_WARN_UNUSED_FUNCTION = YES;
				GCC_WARN_UNUSED_VARIABLE = YES;
				LOCALIZATION_PREFERS_STRING_CATALOGS = YES;
				MTL_ENABLE_DEBUG_INFO = NO;
				MTL_FAST_MATH = YES;
				SWIFT_COMPILATION_MODE = wholemodule;
				VERSIONING_SYSTEM = "apple-generic";
				VERSION_INFO_PREFIX = "";
			};
			name = Release;
		};
		388472AC2B811A1A00D61AEE /* Debug */ = {
			isa = XCBuildConfiguration;
			buildSettings = {
				CLANG_ENABLE_MODULES = YES;
				CODE_SIGN_STYLE = Automatic;
				CURRENT_PROJECT_VERSION = 1;
				DEFINES_MODULE = YES;
				DEVELOPMENT_TEAM = W93RMB5CDG;
				DYLIB_COMPATIBILITY_VERSION = 1;
				DYLIB_CURRENT_VERSION = 1;
				DYLIB_INSTALL_NAME_BASE = "@rpath";
				ENABLE_MODULE_VERIFIER = YES;
				GENERATE_INFOPLIST_FILE = YES;
				INFOPLIST_KEY_NSHumanReadableCopyright = "";
				INSTALL_PATH = "$(LOCAL_LIBRARY_DIR)/Frameworks";
				IPHONEOS_DEPLOYMENT_TARGET = 16.0;
				LD_RUNPATH_SEARCH_PATHS = (
					"@executable_path/Frameworks",
					"@loader_path/Frameworks",
				);
				"LD_RUNPATH_SEARCH_PATHS[sdk=macosx*]" = (
					"@executable_path/../Frameworks",
					"@loader_path/Frameworks",
				);
				MACOSX_DEPLOYMENT_TARGET = 13.0;
				MARKETING_VERSION = 1.0;
				MODULE_VERIFIER_SUPPORTED_LANGUAGES = "objective-c objective-c++";
				MODULE_VERIFIER_SUPPORTED_LANGUAGE_STANDARDS = "gnu17 gnu++20";
				PRODUCT_BUNDLE_IDENTIFIER = com.nhstudios.SLAvatarKit;
				PRODUCT_NAME = "$(TARGET_NAME:c99extidentifier)";
				SDKROOT = auto;
				SKIP_INSTALL = YES;
				SUPPORTED_PLATFORMS = "iphoneos iphonesimulator macosx";
				SWIFT_EMIT_LOC_STRINGS = YES;
				SWIFT_OPTIMIZATION_LEVEL = "-Onone";
				SWIFT_VERSION = 5.0;
				TARGETED_DEVICE_FAMILY = "1,2";
			};
			name = Debug;
		};
		388472AD2B811A1A00D61AEE /* Release */ = {
			isa = XCBuildConfiguration;
			buildSettings = {
				CLANG_ENABLE_MODULES = YES;
				CODE_SIGN_STYLE = Automatic;
				CURRENT_PROJECT_VERSION = 1;
				DEFINES_MODULE = YES;
				DEVELOPMENT_TEAM = W93RMB5CDG;
				DYLIB_COMPATIBILITY_VERSION = 1;
				DYLIB_CURRENT_VERSION = 1;
				DYLIB_INSTALL_NAME_BASE = "@rpath";
				ENABLE_MODULE_VERIFIER = YES;
				GENERATE_INFOPLIST_FILE = YES;
				INFOPLIST_KEY_NSHumanReadableCopyright = "";
				INSTALL_PATH = "$(LOCAL_LIBRARY_DIR)/Frameworks";
				IPHONEOS_DEPLOYMENT_TARGET = 16.0;
				LD_RUNPATH_SEARCH_PATHS = (
					"@executable_path/Frameworks",
					"@loader_path/Frameworks",
				);
				"LD_RUNPATH_SEARCH_PATHS[sdk=macosx*]" = (
					"@executable_path/../Frameworks",
					"@loader_path/Frameworks",
				);
				MACOSX_DEPLOYMENT_TARGET = 13.0;
				MARKETING_VERSION = 1.0;
				MODULE_VERIFIER_SUPPORTED_LANGUAGES = "objective-c objective-c++";
				MODULE_VERIFIER_SUPPORTED_LANGUAGE_STANDARDS = "gnu17 gnu++20";
				PRODUCT_BUNDLE_IDENTIFIER = com.nhstudios.SLAvatarKit;
				PRODUCT_NAME = "$(TARGET_NAME:c99extidentifier)";
				SDKROOT = auto;
				SKIP_INSTALL = YES;
				SUPPORTED_PLATFORMS = "iphoneos iphonesimulator macosx";
				SWIFT_EMIT_LOC_STRINGS = YES;
				SWIFT_VERSION = 5.0;
				TARGETED_DEVICE_FAMILY = "1,2";
			};
			name = Release;
		};
/* End XCBuildConfiguration section */

/* Begin XCConfigurationList section */
		388472912B811A1A00D61AEE /* Build configuration list for PBXProject "SLAvatarKit" */ = {
			isa = XCConfigurationList;
			buildConfigurations = (
				388472A92B811A1A00D61AEE /* Debug */,
				388472AA2B811A1A00D61AEE /* Release */,
			);
			defaultConfigurationIsVisible = 0;
			defaultConfigurationName = Release;
		};
		388472AB2B811A1A00D61AEE /* Build configuration list for PBXNativeTarget "SLAvatarKit" */ = {
			isa = XCConfigurationList;
			buildConfigurations = (
				388472AC2B811A1A00D61AEE /* Debug */,
				388472AD2B811A1A00D61AEE /* Release */,
			);
			defaultConfigurationIsVisible = 0;
			defaultConfigurationName = Release;
		};
/* End XCConfigurationList section */
	};
	rootObject = 3884728E2B811A1A00D61AEE /* Project object */;
}
